PODS:
  - Alamofire (4.8.1)
  - JGProgressHUD (2.0.3)
  - ReachabilitySwift (4.3.0)

DEPENDENCIES:
  - Alamofire (~> 4.7)
  - JGProgressHUD
  - ReachabilitySwift

SPEC REPOS:
  https://github.com/cocoapods/specs.git:
    - Alamofire
    - JGProgressHUD
    - ReachabilitySwift

SPEC CHECKSUMS:
  Alamofire: 16ce2c353fb72865124ddae8a57c5942388f4f11
  JGProgressHUD: 12b20a8f4ffe05258f8635c1ab92816e451f904d
  ReachabilitySwift: 408477d1b6ed9779dba301953171e017c31241f3

PODFILE CHECKSUM: b8594308e88283147572f4f4bc01b8a7b2329fb9

COCOAPODS: 1.5.3
