// !$*UTF8*$!
{
	archiveVersion = 1;
	classes = {
	};
	objectVersion = 50;
	objects = {

/* Begin PBXBuildFile section */
		592C6C7A21FE52D7008B2A98 /* AppDelegate.swift in Sources */ = {isa = PBXBuildFile; fileRef = 592C6C7921FE52D7008B2A98 /* AppDelegate.swift */; };
		592C6C7C21FE52D7008B2A98 /* StartVC.swift in Sources */ = {isa = PBXBuildFile; fileRef = 592C6C7B21FE52D7008B2A98 /* StartVC.swift */; };
		592C6C8121FE52E3008B2A98 /* Assets.xcassets in Resources */ = {isa = PBXBuildFile; fileRef = 592C6C8021FE52E3008B2A98 /* Assets.xcassets */; };
		597137F621FE60D80052C1FA /* NetworkManager.swift in Sources */ = {isa = PBXBuildFile; fileRef = 597137F521FE60D80052C1FA /* NetworkManager.swift */; };
		597137F921FE62790052C1FA /* ExtNotificationName.swift in Sources */ = {isa = PBXBuildFile; fileRef = 597137F821FE62790052C1FA /* ExtNotificationName.swift */; };
		597137FB21FE657D0052C1FA /* Constants.swift in Sources */ = {isa = PBXBuildFile; fileRef = 597137FA21FE657D0052C1FA /* Constants.swift */; };
		597137FE21FE67F20052C1FA /* Utils.swift in Sources */ = {isa = PBXBuildFile; fileRef = 597137FD21FE67F20052C1FA /* Utils.swift */; };
		5971380421FE686C0052C1FA /* BaseCollectionViewCell.swift in Sources */ = {isa = PBXBuildFile; fileRef = 5971380321FE686C0052C1FA /* BaseCollectionViewCell.swift */; };
		5971380621FE68850052C1FA /* BaseTableViewCell.swift in Sources */ = {isa = PBXBuildFile; fileRef = 5971380521FE68850052C1FA /* BaseTableViewCell.swift */; };
		5971380921FE68B50052C1FA /* BaseVC.swift in Sources */ = {isa = PBXBuildFile; fileRef = 5971380821FE68B50052C1FA /* BaseVC.swift */; };
		5971380E21FE70910052C1FA /* Main.storyboard in Resources */ = {isa = PBXBuildFile; fileRef = 5971380D21FE70910052C1FA /* Main.storyboard */; };
		5971381021FE70E00052C1FA /* LaunchScreen.storyboard in Resources */ = {isa = PBXBuildFile; fileRef = 5971380F21FE70E00052C1FA /* LaunchScreen.storyboard */; };
		5971381521FE73C10052C1FA /* BankCVCell.swift in Sources */ = {isa = PBXBuildFile; fileRef = 5971381321FE73C10052C1FA /* BankCVCell.swift */; };
		5971381621FE73C10052C1FA /* BankCVCell.xib in Resources */ = {isa = PBXBuildFile; fileRef = 5971381421FE73C10052C1FA /* BankCVCell.xib */; };
		5971381B21FE762D0052C1FA /* PrivatRateTVCell.swift in Sources */ = {isa = PBXBuildFile; fileRef = 5971381921FE762D0052C1FA /* PrivatRateTVCell.swift */; };
		5971381C21FE762D0052C1FA /* PrivatRateTVCell.xib in Resources */ = {isa = PBXBuildFile; fileRef = 5971381A21FE762D0052C1FA /* PrivatRateTVCell.xib */; };
		5971382321FE76B50052C1FA /* HeaderTVCell.swift in Sources */ = {isa = PBXBuildFile; fileRef = 5971382121FE76B50052C1FA /* HeaderTVCell.swift */; };
		5971382421FE76B50052C1FA /* HeaderTVCell.xib in Resources */ = {isa = PBXBuildFile; fileRef = 5971382221FE76B50052C1FA /* HeaderTVCell.xib */; };
		5971382821FE76DB0052C1FA /* NBURateTVCell.swift in Sources */ = {isa = PBXBuildFile; fileRef = 5971382621FE76DB0052C1FA /* NBURateTVCell.swift */; };
		5971382921FE76DB0052C1FA /* NBURateTVCell.xib in Resources */ = {isa = PBXBuildFile; fileRef = 5971382721FE76DB0052C1FA /* NBURateTVCell.xib */; };
		F68913E8C98472C0E8862B94 /* Pods_ExchangeRates.framework in Frameworks */ = {isa = PBXBuildFile; fileRef = 28E3C7AA4C7740AAAA5CD9CB /* Pods_ExchangeRates.framework */; };
/* End PBXBuildFile section */

/* Begin PBXFileReference section */
		0DFAF25E54918764465BF21A /* Pods-ExchangeRates.debug.xcconfig */ = {isa = PBXFileReference; includeInIndex = 1; lastKnownFileType = text.xcconfig; name = "Pods-ExchangeRates.debug.xcconfig"; path = "Pods/Target Support Files/Pods-ExchangeRates/Pods-ExchangeRates.debug.xcconfig"; sourceTree = "<group>"; };
		28E3C7AA4C7740AAAA5CD9CB /* Pods_ExchangeRates.framework */ = {isa = PBXFileReference; explicitFileType = wrapper.framework; includeInIndex = 0; path = Pods_ExchangeRates.framework; sourceTree = BUILT_PRODUCTS_DIR; };
		592C6C7621FE52D7008B2A98 /* ExchangeRates.app */ = {isa = PBXFileReference; explicitFileType = wrapper.application; includeInIndex = 0; path = ExchangeRates.app; sourceTree = BUILT_PRODUCTS_DIR; };
		592C6C7921FE52D7008B2A98 /* AppDelegate.swift */ = {isa = PBXFileReference; lastKnownFileType = sourcecode.swift; path = AppDelegate.swift; sourceTree = "<group>"; };
		592C6C7B21FE52D7008B2A98 /* StartVC.swift */ = {isa = PBXFileReference; lastKnownFileType = sourcecode.swift; path = StartVC.swift; sourceTree = "<group>"; };
		592C6C8021FE52E3008B2A98 /* Assets.xcassets */ = {isa = PBXFileReference; lastKnownFileType = folder.assetcatalog; name = Assets.xcassets; path = ../Assets.xcassets; sourceTree = "<group>"; };
		592C6C8521FE52E3008B2A98 /* Info.plist */ = {isa = PBXFileReference; lastKnownFileType = text.plist.xml; path = Info.plist; sourceTree = "<group>"; };
		597137F521FE60D80052C1FA /* NetworkManager.swift */ = {isa = PBXFileReference; lastKnownFileType = sourcecode.swift; path = NetworkManager.swift; sourceTree = "<group>"; };
		597137F821FE62790052C1FA /* ExtNotificationName.swift */ = {isa = PBXFileReference; lastKnownFileType = sourcecode.swift; path = ExtNotificationName.swift; sourceTree = "<group>"; };
		597137FA21FE657D0052C1FA /* Constants.swift */ = {isa = PBXFileReference; lastKnownFileType = sourcecode.swift; path = Constants.swift; sourceTree = "<group>"; };
		597137FD21FE67F20052C1FA /* Utils.swift */ = {isa = PBXFileReference; lastKnownFileType = sourcecode.swift; path = Utils.swift; sourceTree = "<group>"; };
		5971380321FE686C0052C1FA /* BaseCollectionViewCell.swift */ = {isa = PBXFileReference; lastKnownFileType = sourcecode.swift; path = BaseCollectionViewCell.swift; sourceTree = "<group>"; };
		5971380521FE68850052C1FA /* BaseTableViewCell.swift */ = {isa = PBXFileReference; lastKnownFileType = sourcecode.swift; path = BaseTableViewCell.swift; sourceTree = "<group>"; };
		5971380821FE68B50052C1FA /* BaseVC.swift */ = {isa = PBXFileReference; lastKnownFileType = sourcecode.swift; path = BaseVC.swift; sourceTree = "<group>"; };
		5971380D21FE70910052C1FA /* Main.storyboard */ = {isa = PBXFileReference; lastKnownFileType = file.storyboard; path = Main.storyboard; sourceTree = "<group>"; };
		5971380F21FE70E00052C1FA /* LaunchScreen.storyboard */ = {isa = PBXFileReference; lastKnownFileType = file.storyboard; path = LaunchScreen.storyboard; sourceTree = "<group>"; };
		5971381321FE73C10052C1FA /* BankCVCell.swift */ = {isa = PBXFileReference; lastKnownFileType = sourcecode.swift; path = BankCVCell.swift; sourceTree = "<group>"; };
		5971381421FE73C10052C1FA /* BankCVCell.xib */ = {isa = PBXFileReference; lastKnownFileType = file.xib; path = BankCVCell.xib; sourceTree = "<group>"; };
		5971381921FE762D0052C1FA /* PrivatRateTVCell.swift */ = {isa = PBXFileReference; lastKnownFileType = sourcecode.swift; path = PrivatRateTVCell.swift; sourceTree = "<group>"; };
		5971381A21FE762D0052C1FA /* PrivatRateTVCell.xib */ = {isa = PBXFileReference; lastKnownFileType = file.xib; path = PrivatRateTVCell.xib; sourceTree = "<group>"; };
		5971382121FE76B50052C1FA /* HeaderTVCell.swift */ = {isa = PBXFileReference; lastKnownFileType = sourcecode.swift; path = HeaderTVCell.swift; sourceTree = "<group>"; };
		5971382221FE76B50052C1FA /* HeaderTVCell.xib */ = {isa = PBXFileReference; lastKnownFileType = file.xib; path = HeaderTVCell.xib; sourceTree = "<group>"; };
		5971382621FE76DB0052C1FA /* NBURateTVCell.swift */ = {isa = PBXFileReference; lastKnownFileType = sourcecode.swift; path = NBURateTVCell.swift; sourceTree = "<group>"; };
		5971382721FE76DB0052C1FA /* NBURateTVCell.xib */ = {isa = PBXFileReference; lastKnownFileType = file.xib; path = NBURateTVCell.xib; sourceTree = "<group>"; };
		F493009B37CBF4A1E589F2A5 /* Pods-ExchangeRates.release.xcconfig */ = {isa = PBXFileReference; includeInIndex = 1; lastKnownFileType = text.xcconfig; name = "Pods-ExchangeRates.release.xcconfig"; path = "Pods/Target Support Files/Pods-ExchangeRates/Pods-ExchangeRates.release.xcconfig"; sourceTree = "<group>"; };
/* End PBXFileReference section */

/* Begin PBXFrameworksBuildPhase section */
		592C6C7321FE52D7008B2A98 /* Frameworks */ = {
			isa = PBXFrameworksBuildPhase;
			buildActionMask = 2147483647;
			files = (
				F68913E8C98472C0E8862B94 /* Pods_ExchangeRates.framework in Frameworks */,
			);
			runOnlyForDeploymentPostprocessing = 0;
		};
/* End PBXFrameworksBuildPhase section */

/* Begin PBXGroup section */
		2EB97C162E1403ACFD185987 /* Frameworks */ = {
			isa = PBXGroup;
			children = (
				28E3C7AA4C7740AAAA5CD9CB /* Pods_ExchangeRates.framework */,
			);
			name = Frameworks;
			sourceTree = "<group>";
		};
		592C6C6D21FE52D7008B2A98 = {
			isa = PBXGroup;
			children = (
				592C6C7821FE52D7008B2A98 /* ExchangeRates */,
				592C6C7721FE52D7008B2A98 /* Products */,
				9E26A9B41ADBAC30F411CD72 /* Pods */,
				2EB97C162E1403ACFD185987 /* Frameworks */,
			);
			sourceTree = "<group>";
		};
		592C6C7721FE52D7008B2A98 /* Products */ = {
			isa = PBXGroup;
			children = (
				592C6C7621FE52D7008B2A98 /* ExchangeRates.app */,
			);
			name = Products;
			sourceTree = "<group>";
		};
		592C6C7821FE52D7008B2A98 /* ExchangeRates */ = {
			isa = PBXGroup;
			children = (
				592C6C7921FE52D7008B2A98 /* AppDelegate.swift */,
				597137F321FE60980052C1FA /* Utils */,
				597137FF21FE68240052C1FA /* UI */,
				5971380C21FE6F290052C1FA /* SourseFiles */,
			);
			path = ExchangeRates;
			sourceTree = "<group>";
		};
		597137F321FE60980052C1FA /* Utils */ = {
			isa = PBXGroup;
			children = (
				597137F421FE60A20052C1FA /* NetworkManager */,
				597137F721FE60FF0052C1FA /* Extensions */,
				597137FA21FE657D0052C1FA /* Constants.swift */,
				597137FD21FE67F20052C1FA /* Utils.swift */,
			);
			path = Utils;
			sourceTree = "<group>";
		};
		597137F421FE60A20052C1FA /* NetworkManager */ = {
			isa = PBXGroup;
			children = (
				597137F521FE60D80052C1FA /* NetworkManager.swift */,
			);
			path = NetworkManager;
			sourceTree = "<group>";
		};
		597137F721FE60FF0052C1FA /* Extensions */ = {
			isa = PBXGroup;
			children = (
				597137F821FE62790052C1FA /* ExtNotificationName.swift */,
			);
			path = Extensions;
			sourceTree = "<group>";
		};
		597137FF21FE68240052C1FA /* UI */ = {
			isa = PBXGroup;
			children = (
				5971380B21FE6F080052C1FA /* Storyboards */,
				5971380A21FE6EE20052C1FA /* VIewControllers */,
				5971380021FE68440052C1FA /* UIUtils */,
			);
			path = UI;
			sourceTree = "<group>";
		};
		5971380021FE68440052C1FA /* UIUtils */ = {
			isa = PBXGroup;
			children = (
				5971380721FE68A10052C1FA /* BaseVC */,
				5971380121FE684D0052C1FA /* BaseCells */,
			);
			path = UIUtils;
			sourceTree = "<group>";
		};
		5971380121FE684D0052C1FA /* BaseCells */ = {
			isa = PBXGroup;
			children = (
				5971380321FE686C0052C1FA /* BaseCollectionViewCell.swift */,
				5971380521FE68850052C1FA /* BaseTableViewCell.swift */,
			);
			path = BaseCells;
			sourceTree = "<group>";
		};
		5971380721FE68A10052C1FA /* BaseVC */ = {
			isa = PBXGroup;
			children = (
				5971380821FE68B50052C1FA /* BaseVC.swift */,
			);
			path = BaseVC;
			sourceTree = "<group>";
		};
		5971380A21FE6EE20052C1FA /* VIewControllers */ = {
			isa = PBXGroup;
			children = (
				5971381121FE717F0052C1FA /* StartVC */,
			);
			path = VIewControllers;
			sourceTree = "<group>";
		};
		5971380B21FE6F080052C1FA /* Storyboards */ = {
			isa = PBXGroup;
			children = (
				5971380D21FE70910052C1FA /* Main.storyboard */,
				5971380F21FE70E00052C1FA /* LaunchScreen.storyboard */,
			);
			path = Storyboards;
			sourceTree = "<group>";
		};
		5971380C21FE6F290052C1FA /* SourseFiles */ = {
			isa = PBXGroup;
			children = (
				592C6C8521FE52E3008B2A98 /* Info.plist */,
				592C6C8021FE52E3008B2A98 /* Assets.xcassets */,
			);
			path = SourseFiles;
			sourceTree = "<group>";
		};
		5971381121FE717F0052C1FA /* StartVC */ = {
			isa = PBXGroup;
			children = (
				5971381221FE738C0052C1FA /* Cells */,
				592C6C7B21FE52D7008B2A98 /* StartVC.swift */,
			);
			path = StartVC;
			sourceTree = "<group>";
		};
		5971381221FE738C0052C1FA /* Cells */ = {
			isa = PBXGroup;
			children = (
				5971382C21FE77B00052C1FA /* Bank */,
				5971382D21FE77E60052C1FA /* Rates */,
			);
			path = Cells;
			sourceTree = "<group>";
		};
		5971382C21FE77B00052C1FA /* Bank */ = {
			isa = PBXGroup;
			children = (
				5971381321FE73C10052C1FA /* BankCVCell.swift */,
				5971381421FE73C10052C1FA /* BankCVCell.xib */,
			);
			name = Bank;
			path = "New Group";
			sourceTree = "<group>";
		};
		5971382D21FE77E60052C1FA /* Rates */ = {
			isa = PBXGroup;
			children = (
				5971382121FE76B50052C1FA /* HeaderTVCell.swift */,
				5971382221FE76B50052C1FA /* HeaderTVCell.xib */,
				5971381921FE762D0052C1FA /* PrivatRateTVCell.swift */,
				5971381A21FE762D0052C1FA /* PrivatRateTVCell.xib */,
				5971382621FE76DB0052C1FA /* NBURateTVCell.swift */,
				5971382721FE76DB0052C1FA /* NBURateTVCell.xib */,
			);
			path = Rates;
			sourceTree = "<group>";
		};
		9E26A9B41ADBAC30F411CD72 /* Pods */ = {
			isa = PBXGroup;
			children = (
				0DFAF25E54918764465BF21A /* Pods-ExchangeRates.debug.xcconfig */,
				F493009B37CBF4A1E589F2A5 /* Pods-ExchangeRates.release.xcconfig */,
			);
			name = Pods;
			sourceTree = "<group>";
		};
/* End PBXGroup section */

/* Begin PBXNativeTarget section */
		592C6C7521FE52D7008B2A98 /* ExchangeRates */ = {
			isa = PBXNativeTarget;
			buildConfigurationList = 592C6C8821FE52E3008B2A98 /* Build configuration list for PBXNativeTarget "ExchangeRates" */;
			buildPhases = (
				BC955999F489DACDA0FEAE96 /* [CP] Check Pods Manifest.lock */,
				592C6C7221FE52D7008B2A98 /* Sources */,
				592C6C7321FE52D7008B2A98 /* Frameworks */,
				592C6C7421FE52D7008B2A98 /* Resources */,
				372F508062173679F6FF1045 /* [CP] Embed Pods Frameworks */,
			);
			buildRules = (
			);
			dependencies = (
			);
			name = ExchangeRates;
			productName = ExchangeRates;
			productReference = 592C6C7621FE52D7008B2A98 /* ExchangeRates.app */;
			productType = "com.apple.product-type.application";
		};
/* End PBXNativeTarget section */

/* Begin PBXProject section */
		592C6C6E21FE52D7008B2A98 /* Project object */ = {
			isa = PBXProject;
			attributes = {
				LastSwiftUpdateCheck = 1010;
				LastUpgradeCheck = 1010;
				ORGANIZATIONNAME = "Mykhailo Zabarin";
				TargetAttributes = {
					592C6C7521FE52D7008B2A98 = {
						CreatedOnToolsVersion = 10.1;
					};
				};
			};
			buildConfigurationList = 592C6C7121FE52D7008B2A98 /* Build configuration list for PBXProject "ExchangeRates" */;
			compatibilityVersion = "Xcode 9.3";
			developmentRegion = en;
			hasScannedForEncodings = 0;
			knownRegions = (
				en,
				Base,
			);
			mainGroup = 592C6C6D21FE52D7008B2A98;
			productRefGroup = 592C6C7721FE52D7008B2A98 /* Products */;
			projectDirPath = "";
			projectRoot = "";
			targets = (
				592C6C7521FE52D7008B2A98 /* ExchangeRates */,
			);
		};
/* End PBXProject section */

/* Begin PBXResourcesBuildPhase section */
		592C6C7421FE52D7008B2A98 /* Resources */ = {
			isa = PBXResourcesBuildPhase;
			buildActionMask = 2147483647;
			files = (
				5971381621FE73C10052C1FA /* BankCVCell.xib in Resources */,
				5971381021FE70E00052C1FA /* LaunchScreen.storyboard in Resources */,
				5971380E21FE70910052C1FA /* Main.storyboard in Resources */,
				592C6C8121FE52E3008B2A98 /* Assets.xcassets in Resources */,
				5971382421FE76B50052C1FA /* HeaderTVCell.xib in Resources */,
				5971382921FE76DB0052C1FA /* NBURateTVCell.xib in Resources */,
				5971381C21FE762D0052C1FA /* PrivatRateTVCell.xib in Resources */,
			);
			runOnlyForDeploymentPostprocessing = 0;
		};
/* End PBXResourcesBuildPhase section */

/* Begin PBXShellScriptBuildPhase section */
		372F508062173679F6FF1045 /* [CP] Embed Pods Frameworks */ = {
			isa = PBXShellScriptBuildPhase;
			buildActionMask = 2147483647;
			files = (
			);
			inputFileListPaths = (
			);
			inputPaths = (
				"${SRCROOT}/Pods/Target Support Files/Pods-ExchangeRates/Pods-ExchangeRates-frameworks.sh",
				"${BUILT_PRODUCTS_DIR}/Alamofire/Alamofire.framework",
				"${BUILT_PRODUCTS_DIR}/JGProgressHUD/JGProgressHUD.framework",
				"${BUILT_PRODUCTS_DIR}/ReachabilitySwift/Reachability.framework",
			);
			name = "[CP] Embed Pods Frameworks";
			outputFileListPaths = (
			);
			outputPaths = (
				"${TARGET_BUILD_DIR}/${FRAMEWORKS_FOLDER_PATH}/Alamofire.framework",
				"${TARGET_BUILD_DIR}/${FRAMEWORKS_FOLDER_PATH}/JGProgressHUD.framework",
				"${TARGET_BUILD_DIR}/${FRAMEWORKS_FOLDER_PATH}/Reachability.framework",
			);
			runOnlyForDeploymentPostprocessing = 0;
			shellPath = /bin/sh;
			shellScript = "\"${SRCROOT}/Pods/Target Support Files/Pods-ExchangeRates/Pods-ExchangeRates-frameworks.sh\"\n";
			showEnvVarsInLog = 0;
		};
		BC955999F489DACDA0FEAE96 /* [CP] Check Pods Manifest.lock */ = {
			isa = PBXShellScriptBuildPhase;
			buildActionMask = 2147483647;
			files = (
			);
			inputFileListPaths = (
			);
			inputPaths = (
				"${PODS_PODFILE_DIR_PATH}/Podfile.lock",
				"${PODS_ROOT}/Manifest.lock",
			);
			name = "[CP] Check Pods Manifest.lock";
			outputFileListPaths = (
			);
			outputPaths = (
				"$(DERIVED_FILE_DIR)/Pods-ExchangeRates-checkManifestLockResult.txt",
			);
			runOnlyForDeploymentPostprocessing = 0;
			shellPath = /bin/sh;
			shellScript = "diff \"${PODS_PODFILE_DIR_PATH}/Podfile.lock\" \"${PODS_ROOT}/Manifest.lock\" > /dev/null\nif [ $? != 0 ] ; then\n    # print error to STDERR\n    echo \"error: The sandbox is not in sync with the Podfile.lock. Run 'pod install' or update your CocoaPods installation.\" >&2\n    exit 1\nfi\n# This output is used by Xcode 'outputs' to avoid re-running this script phase.\necho \"SUCCESS\" > \"${SCRIPT_OUTPUT_FILE_0}\"\n";
			showEnvVarsInLog = 0;
		};
/* End PBXShellScriptBuildPhase section */

/* Begin PBXSourcesBuildPhase section */
		592C6C7221FE52D7008B2A98 /* Sources */ = {
			isa = PBXSourcesBuildPhase;
			buildActionMask = 2147483647;
			files = (
				5971380621FE68850052C1FA /* BaseTableViewCell.swift in Sources */,
				597137FB21FE657D0052C1FA /* Constants.swift in Sources */,
				5971380421FE686C0052C1FA /* BaseCollectionViewCell.swift in Sources */,
				597137F621FE60D80052C1FA /* NetworkManager.swift in Sources */,
				5971380921FE68B50052C1FA /* BaseVC.swift in Sources */,
				5971382821FE76DB0052C1FA /* NBURateTVCell.swift in Sources */,
				597137F921FE62790052C1FA /* ExtNotificationName.swift in Sources */,
				592C6C7C21FE52D7008B2A98 /* StartVC.swift in Sources */,
				592C6C7A21FE52D7008B2A98 /* AppDelegate.swift in Sources */,
				5971382321FE76B50052C1FA /* HeaderTVCell.swift in Sources */,
				5971381521FE73C10052C1FA /* BankCVCell.swift in Sources */,
				5971381B21FE762D0052C1FA /* PrivatRateTVCell.swift in Sources */,
				597137FE21FE67F20052C1FA /* Utils.swift in Sources */,
			);
			runOnlyForDeploymentPostprocessing = 0;
		};
/* End PBXSourcesBuildPhase section */

/* Begin XCBuildConfiguration section */
		592C6C8621FE52E3008B2A98 /* Debug */ = {
			isa = XCBuildConfiguration;
			buildSettings = {
				ALWAYS_SEARCH_USER_PATHS = NO;
				CLANG_ANALYZER_NONNULL = YES;
				CLANG_ANALYZER_NUMBER_OBJECT_CONVERSION = YES_AGGRESSIVE;
				CLANG_CXX_LANGUAGE_STANDARD = "gnu++14";
				CLANG_CXX_LIBRARY = "libc++";
				CLANG_ENABLE_MODULES = YES;
				CLANG_ENABLE_OBJC_ARC = YES;
				CLANG_ENABLE_OBJC_WEAK = YES;
				CLANG_WARN_BLOCK_CAPTURE_AUTORELEASING = YES;
				CLANG_WARN_BOOL_CONVERSION = YES;
				CLANG_WARN_COMMA = YES;
				CLANG_WARN_CONSTANT_CONVERSION = YES;
				CLANG_WARN_DEPRECATED_OBJC_IMPLEMENTATIONS = YES;
				CLANG_WARN_DIRECT_OBJC_ISA_USAGE = YES_ERROR;
				CLANG_WARN_DOCUMENTATION_COMMENTS = YES;
				CLANG_WARN_EMPTY_BODY = YES;
				CLANG_WARN_ENUM_CONVERSION = YES;
				CLANG_WARN_INFINITE_RECURSION = YES;
				CLANG_WARN_INT_CONVERSION = YES;
				CLANG_WARN_NON_LITERAL_NULL_CONVERSION = YES;
				CLANG_WARN_OBJC_IMPLICIT_RETAIN_SELF = YES;
				CLANG_WARN_OBJC_LITERAL_CONVERSION = YES;
				CLANG_WARN_OBJC_ROOT_CLASS = YES_ERROR;
				CLANG_WARN_RANGE_LOOP_ANALYSIS = YES;
				CLANG_WARN_STRICT_PROTOTYPES = YES;
				CLANG_WARN_SUSPICIOUS_MOVE = YES;
				CLANG_WARN_UNGUARDED_AVAILABILITY = YES_AGGRESSIVE;
				CLANG_WARN_UNREACHABLE_CODE = YES;
				CLANG_WARN__DUPLICATE_METHOD_MATCH = YES;
				CODE_SIGN_IDENTITY = "iPhone Developer";
				COPY_PHASE_STRIP = NO;
				DEBUG_INFORMATION_FORMAT = dwarf;
				ENABLE_STRICT_OBJC_MSGSEND = YES;
				ENABLE_TESTABILITY = YES;
				GCC_C_LANGUAGE_STANDARD = gnu11;
				GCC_DYNAMIC_NO_PIC = NO;
				GCC_NO_COMMON_BLOCKS = YES;
				GCC_OPTIMIZATION_LEVEL = 0;
				GCC_PREPROCESSOR_DEFINITIONS = (
					"DEBUG=1",
					"$(inherited)",
				);
				GCC_WARN_64_TO_32_BIT_CONVERSION = YES;
				GCC_WARN_ABOUT_RETURN_TYPE = YES_ERROR;
				GCC_WARN_UNDECLARED_SELECTOR = YES;
				GCC_WARN_UNINITIALIZED_AUTOS = YES_AGGRESSIVE;
				GCC_WARN_UNUSED_FUNCTION = YES;
				GCC_WARN_UNUSED_VARIABLE = YES;
				IPHONEOS_DEPLOYMENT_TARGET = 12.1;
				MTL_ENABLE_DEBUG_INFO = INCLUDE_SOURCE;
				MTL_FAST_MATH = YES;
				ONLY_ACTIVE_ARCH = YES;
				SDKROOT = iphoneos;
				SWIFT_ACTIVE_COMPILATION_CONDITIONS = DEBUG;
				SWIFT_OPTIMIZATION_LEVEL = "-Onone";
			};
			name = Debug;
		};
		592C6C8721FE52E3008B2A98 /* Release */ = {
			isa = XCBuildConfiguration;
			buildSettings = {
				ALWAYS_SEARCH_USER_PATHS = NO;
				CLANG_ANALYZER_NONNULL = YES;
				CLANG_ANALYZER_NUMBER_OBJECT_CONVERSION = YES_AGGRESSIVE;
				CLANG_CXX_LANGUAGE_STANDARD = "gnu++14";
				CLANG_CXX_LIBRARY = "libc++";
				CLANG_ENABLE_MODULES = YES;
				CLANG_ENABLE_OBJC_ARC = YES;
				CLANG_ENABLE_OBJC_WEAK = YES;
				CLANG_WARN_BLOCK_CAPTURE_AUTORELEASING = YES;
				CLANG_WARN_BOOL_CONVERSION = YES;
				CLANG_WARN_COMMA = YES;
				CLANG_WARN_CONSTANT_CONVERSION = YES;
				CLANG_WARN_DEPRECATED_OBJC_IMPLEMENTATIONS = YES;
				CLANG_WARN_DIRECT_OBJC_ISA_USAGE = YES_ERROR;
				CLANG_WARN_DOCUMENTATION_COMMENTS = YES;
				CLANG_WARN_EMPTY_BODY = YES;
				CLANG_WARN_ENUM_CONVERSION = YES;
				CLANG_WARN_INFINITE_RECURSION = YES;
				CLANG_WARN_INT_CONVERSION = YES;
				CLANG_WARN_NON_LITERAL_NULL_CONVERSION = YES;
				CLANG_WARN_OBJC_IMPLICIT_RETAIN_SELF = YES;
				CLANG_WARN_OBJC_LITERAL_CONVERSION = YES;
				CLANG_WARN_OBJC_ROOT_CLASS = YES_ERROR;
				CLANG_WARN_RANGE_LOOP_ANALYSIS = YES;
				CLANG_WARN_STRICT_PROTOTYPES = YES;
				CLANG_WARN_SUSPICIOUS_MOVE = YES;
				CLANG_WARN_UNGUARDED_AVAILABILITY = YES_AGGRESSIVE;
				CLANG_WARN_UNREACHABLE_CODE = YES;
				CLANG_WARN__DUPLICATE_METHOD_MATCH = YES;
				CODE_SIGN_IDENTITY = "iPhone Developer";
				COPY_PHASE_STRIP = NO;
				DEBUG_INFORMATION_FORMAT = "dwarf-with-dsym";
				ENABLE_NS_ASSERTIONS = NO;
				ENABLE_STRICT_OBJC_MSGSEND = YES;
				GCC_C_LANGUAGE_STANDARD = gnu11;
				GCC_NO_COMMON_BLOCKS = YES;
				GCC_WARN_64_TO_32_BIT_CONVERSION = YES;
				GCC_WARN_ABOUT_RETURN_TYPE = YES_ERROR;
				GCC_WARN_UNDECLARED_SELECTOR = YES;
				GCC_WARN_UNINITIALIZED_AUTOS = YES_AGGRESSIVE;
				GCC_WARN_UNUSED_FUNCTION = YES;
				GCC_WARN_UNUSED_VARIABLE = YES;
				IPHONEOS_DEPLOYMENT_TARGET = 12.1;
				MTL_ENABLE_DEBUG_INFO = NO;
				MTL_FAST_MATH = YES;
				SDKROOT = iphoneos;
				SWIFT_COMPILATION_MODE = wholemodule;
				SWIFT_OPTIMIZATION_LEVEL = "-O";
				VALIDATE_PRODUCT = YES;
			};
			name = Release;
		};
		592C6C8921FE52E3008B2A98 /* Debug */ = {
			isa = XCBuildConfiguration;
			baseConfigurationReference = 0DFAF25E54918764465BF21A /* Pods-ExchangeRates.debug.xcconfig */;
			buildSettings = {
				ASSETCATALOG_COMPILER_APPICON_NAME = AppIcon;
				CODE_SIGN_STYLE = Automatic;
				DEVELOPMENT_TEAM = E4WSQJ8FEJ;
				INFOPLIST_FILE = "$(SRCROOT)/ExchangeRates/SourseFiles/Info.plist";
				LD_RUNPATH_SEARCH_PATHS = (
					"$(inherited)",
					"@executable_path/Frameworks",
				);
				PRODUCT_BUNDLE_IDENTIFIER = com.nirabaz.ExchangeRates;
				PRODUCT_NAME = "$(TARGET_NAME)";
				SWIFT_VERSION = 4.2;
				TARGETED_DEVICE_FAMILY = "1,2";
			};
			name = Debug;
		};
		592C6C8A21FE52E3008B2A98 /* Release */ = {
			isa = XCBuildConfiguration;
			baseConfigurationReference = F493009B37CBF4A1E589F2A5 /* Pods-ExchangeRates.release.xcconfig */;
			buildSettings = {
				ASSETCATALOG_COMPILER_APPICON_NAME = AppIcon;
				CODE_SIGN_STYLE = Automatic;
				DEVELOPMENT_TEAM = E4WSQJ8FEJ;
				INFOPLIST_FILE = "$(SRCROOT)/ExchangeRates/SourseFiles/Info.plist";
				LD_RUNPATH_SEARCH_PATHS = (
					"$(inherited)",
					"@executable_path/Frameworks",
				);
				PRODUCT_BUNDLE_IDENTIFIER = com.nirabaz.ExchangeRates;
				PRODUCT_NAME = "$(TARGET_NAME)";
				SWIFT_VERSION = 4.2;
				TARGETED_DEVICE_FAMILY = "1,2";
			};
			name = Release;
		};
/* End XCBuildConfiguration section */

/* Begin XCConfigurationList section */
		592C6C7121FE52D7008B2A98 /* Build configuration list for PBXProject "ExchangeRates" */ = {
			isa = XCConfigurationList;
			buildConfigurations = (
				592C6C8621FE52E3008B2A98 /* Debug */,
				592C6C8721FE52E3008B2A98 /* Release */,
			);
			defaultConfigurationIsVisible = 0;
			defaultConfigurationName = Release;
		};
		592C6C8821FE52E3008B2A98 /* Build configuration list for PBXNativeTarget "ExchangeRates" */ = {
			isa = XCConfigurationList;
			buildConfigurations = (
				592C6C8921FE52E3008B2A98 /* Debug */,
				592C6C8A21FE52E3008B2A98 /* Release */,
			);
			defaultConfigurationIsVisible = 0;
			defaultConfigurationName = Release;
		};
/* End XCConfigurationList section */
	};
	rootObject = 592C6C6E21FE52D7008B2A98 /* Project object */;
}
